<?xml version="1.0" encoding="utf-8"?>
<Project ToolsVersion="4.0" xmlns="http://schemas.microsoft.com/developer/msbuild/2003">
  <ItemGroup>
    <Filter Include="Source Files">
      <UniqueIdentifier>{cf31bcb8-e53d-4a06-abeb-e03011dd1c44}</UniqueIdentifier>
      <Extensions>cpp;c;cxx;rc;def;r;odl;idl;hpj;bat</Extensions>
    </Filter>
    <Filter Include="Header Files">
      <UniqueIdentifier>{176131b4-f212-444c-99da-b894fdaebf13}</UniqueIdentifier>
      <Extensions>h;hpp;hxx;hm;inl</Extensions>
    </Filter>
    <Filter Include="Resource Files">
      <UniqueIdentifier>{b3e02a46-ce7b-4824-b910-60cece64de27}</UniqueIdentifier>
      <Extensions>ico;cur;bmp;dlg;rc2;rct;bin;cnt;rtf;gif;jpg;jpeg;jpe</Extensions>
    </Filter>
    <Filter Include="Text">
      <UniqueIdentifier>{b112935d-990a-45a8-aa17-5a14f55efbc4}</UniqueIdentifier>
    </Filter>
  </ItemGroup>
  <ItemGroup>
    <ClCompile Include="about.cpp">
      <Filter>Source Files</Filter>
    </ClCompile>
    <ClCompile Include="AppTop.cpp">
      <Filter>Source Files</Filter>
    </ClCompile>
    <ClCompile Include="BufferList.cpp">
      <Filter>Source Files</Filter>
    </ClCompile>
    <ClCompile Include="ChildFrm.cpp">
      <Filter>Source Files</Filter>
    </ClCompile>
    <ClCompile Include="coco.cpp">
      <Filter>Source Files</Filter>
    </ClCompile>
    <ClCompile Include="diff.cpp">
      <Filter>Source Files</Filter>
    </ClCompile>
    <ClCompile Include="DlgGetPath.cpp">
      <Filter>Source Files</Filter>
    </ClCompile>
    <ClCompile Include="editor.cpp">
      <Filter>Source Files</Filter>
    </ClCompile>
    <ClCompile Include="FileDialogST.cpp">
      <Filter>Source Files</Filter>
    </ClCompile>
    <ClCompile Include="FileInfo.cpp">
      <Filter>Source Files</Filter>
    </ClCompile>
    <ClCompile Include="FindFiles.cpp">
      <Filter>Source Files</Filter>
    </ClCompile>
    <ClCompile Include="gotoline.cpp">
      <Filter>Source Files</Filter>
    </ClCompile>
    <ClCompile Include="HoldHead.cpp">
      <Filter>Source Files</Filter>
    </ClCompile>
    <ClCompile Include="logomdi.cpp">
      <Filter>Source Files</Filter>
    </ClCompile>
    <ClCompile Include="LogWin.cpp">
      <Filter>Source Files</Filter>
    </ClCompile>
    <ClCompile Include="MainFrm.cpp">
      <Filter>Source Files</Filter>
    </ClCompile>
    <ClCompile Include="misc.cpp">
      <Filter>Source Files</Filter>
    </ClCompile>
    <ClCompile Include="mxpad.cpp">
      <Filter>Source Files</Filter>
    </ClCompile>
    <ClCompile Include="oleComm.cpp">
      <Filter>Source Files</Filter>
    </ClCompile>
    <ClCompile Include="page1.cpp">
      <Filter>Source Files</Filter>
    </ClCompile>
    <ClCompile Include="Page2.cpp">
      <Filter>Source Files</Filter>
    </ClCompile>
    <ClCompile Include="regex.cpp">
      <Filter>Source Files</Filter>
    </ClCompile>
    <ClCompile Include="Register.cpp">
      <Filter>Source Files</Filter>
    </ClCompile>
    <ClCompile Include="Search.cpp">
      <Filter>Source Files</Filter>
    </ClCompile>
    <ClCompile Include="sellist.cpp">
      <Filter>Source Files</Filter>
    </ClCompile>
    <ClCompile Include="Setup.cpp">
      <Filter>Source Files</Filter>
    </ClCompile>
    <ClCompile Include="Splash.cpp">
      <Filter>Source Files</Filter>
    </ClCompile>
    <ClCompile Include="src.cpp">
      <Filter>Source Files</Filter>
    </ClCompile>
    <ClCompile Include="srcsel.cpp">
      <Filter>Source Files</Filter>
    </ClCompile>
    <ClCompile Include="StdAfx.cpp">
      <Filter>Source Files</Filter>
    </ClCompile>
    <ClCompile Include="stringex.cpp">
      <Filter>Source Files</Filter>
    </ClCompile>
    <ClCompile Include="StrList.cpp">
      <Filter>Source Files</Filter>
    </ClCompile>
    <ClCompile Include="SubClass.cpp">
      <Filter>Source Files</Filter>
    </ClCompile>
    <ClCompile Include="undo.cpp">
      <Filter>Source Files</Filter>
    </ClCompile>
    <ClCompile Include="ViewText.cpp">
      <Filter>Source Files</Filter>
    </ClCompile>
    <ClCompile Include="wed.cpp">
      <Filter>Source Files</Filter>
    </ClCompile>
    <ClCompile Include="wedDoc.cpp">
      <Filter>Source Files</Filter>
    </ClCompile>
    <ClCompile Include="wedView.cpp">
      <Filter>Source Files</Filter>
    </ClCompile>
  </ItemGroup>
  <ItemGroup>
    <ResourceCompile Include="wed.rc">
      <Filter>Source Files</Filter>
    </ResourceCompile>
  </ItemGroup>
  <ItemGroup>
    <ClInclude Include="AppTop.h">
      <Filter>Header Files</Filter>
    </ClInclude>
    <ClInclude Include="BufferList.h">
      <Filter>Header Files</Filter>
    </ClInclude>
    <ClInclude Include="build.h">
      <Filter>Header Files</Filter>
    </ClInclude>
    <ClInclude Include="ChildFrm.h">
      <Filter>Header Files</Filter>
    </ClInclude>
    <ClInclude Include="coco.h">
      <Filter>Header Files</Filter>
    </ClInclude>
    <ClInclude Include="diff.h">
      <Filter>Header Files</Filter>
    </ClInclude>
    <ClInclude Include="DlgGetPath.h">
      <Filter>Header Files</Filter>
    </ClInclude>
    <ClInclude Include="editor.h">
      <Filter>Header Files</Filter>
    </ClInclude>
    <ClInclude Include="FileDialogST.h">
      <Filter>Header Files</Filter>
    </ClInclude>
    <ClInclude Include="FileInfo.h">
      <Filter>Header Files</Filter>
    </ClInclude>
    <ClInclude Include="FindFiles.h">
      <Filter>Header Files</Filter>
    </ClInclude>
    <ClInclude Include="gotoline.h">
      <Filter>Header Files</Filter>
    </ClInclude>
    <ClInclude Include="HoldHead.h">
      <Filter>Header Files</Filter>
    </ClInclude>
    <ClInclude Include="limits.h">
      <Filter>Header Files</Filter>
    </ClInclude>
    <ClInclude Include="logomdi.h">
      <Filter>Header Files</Filter>
    </ClInclude>
    <ClInclude Include="LogWin.h">
      <Filter>Header Files</Filter>
    </ClInclude>
    <ClInclude Include="MainFrm.h">
      <Filter>Header Files</Filter>
    </ClInclude>
    <ClInclude Include="misc.h">
      <Filter>Header Files</Filter>
    </ClInclude>
    <ClInclude Include="mxpad.h">
      <Filter>Header Files</Filter>
    </ClInclude>
    <ClInclude Include="oleComm.h">
      <Filter>Header Files</Filter>
    </ClInclude>
    <ClInclude Include="page1.h">
      <Filter>Header Files</Filter>
    </ClInclude>
    <ClInclude Include="Page2.h">
      <Filter>Header Files</Filter>
    </ClInclude>
    <ClInclude Include="regex.h">
      <Filter>Header Files</Filter>
    </ClInclude>
    <ClInclude Include="Register.h">
      <Filter>Header Files</Filter>
    </ClInclude>
    <ClInclude Include="Resource.h">
      <Filter>Header Files</Filter>
    </ClInclude>
    <ClInclude Include="Search.h">
      <Filter>Header Files</Filter>
    </ClInclude>
    <ClInclude Include="sellist.h">
      <Filter>Header Files</Filter>
    </ClInclude>
    <ClInclude Include="Setup.h">
      <Filter>Header Files</Filter>
    </ClInclude>
    <ClInclude Include="Splash.h">
      <Filter>Header Files</Filter>
    </ClInclude>
    <ClInclude Include="srcsel.h">
      <Filter>Header Files</Filter>
    </ClInclude>
    <ClInclude Include="StdAfx.h">
      <Filter>Header Files</Filter>
    </ClInclude>
    <ClInclude Include="stringex.h">
      <Filter>Header Files</Filter>
    </ClInclude>
    <ClInclude Include="StrList.h">
      <Filter>Header Files</Filter>
    </ClInclude>
    <ClInclude Include="SubClass.h">
      <Filter>Header Files</Filter>
    </ClInclude>
    <ClInclude Include="undo.h">
      <Filter>Header Files</Filter>
    </ClInclude>
    <ClInclude Include="ViewText.h">
      <Filter>Header Files</Filter>
    </ClInclude>
    <ClInclude Include="wed.h">
      <Filter>Header Files</Filter>
    </ClInclude>
    <ClInclude Include="wedDoc.h">
      <Filter>Header Files</Filter>
    </ClInclude>
    <ClInclude Include="wedView.h">
      <Filter>Header Files</Filter>
    </ClInclude>
  </ItemGroup>
  <ItemGroup>
    <Image Include="res\bitmap1.bmp">
      <Filter>Resource Files</Filter>
    </Image>
    <Image Include="res\bitmap10.bmp">
      <Filter>Resource Files</Filter>
    </Image>
    <Image Include="res\bitmap13.bmp">
      <Filter>Resource Files</Filter>
    </Image>
    <Image Include="res\bitmap2.bmp">
      <Filter>Resource Files</Filter>
    </Image>
    <Image Include="res\bitmap3.bmp">
      <Filter>Resource Files</Filter>
    </Image>
    <Image Include="res\bitmap4.bmp">
      <Filter>Resource Files</Filter>
    </Image>
    <Image Include="res\bitmap6.bmp">
      <Filter>Resource Files</Filter>
    </Image>
    <Image Include="res\bitmap7.bmp">
      <Filter>Resource Files</Filter>
    </Image>
    <Image Include="res\bitmap8.bmp">
      <Filter>Resource Files</Filter>
    </Image>
    <Image Include="res\brush3.bmp">
      <Filter>Resource Files</Filter>
    </Image>
    <Image Include="res\brushed.bmp">
      <Filter>Resource Files</Filter>
    </Image>
    <Image Include="res\icon1.ico">
      <Filter>Resource Files</Filter>
    </Image>
    <Image Include="res\icon2.ico">
      <Filter>Resource Files</Filter>
    </Image>
    <Image Include="res\icon3.ico">
      <Filter>Resource Files</Filter>
    </Image>
    <Image Include="res\Toolbar.bmp">
      <Filter>Resource Files</Filter>
    </Image>
    <Image Include="res\toolbar1.bmp">
      <Filter>Resource Files</Filter>
    </Image>
    <Image Include="res\wed.ico">
      <Filter>Resource Files</Filter>
    </Image>
    <Image Include="res\wedDoc.ico">
      <Filter>Resource Files</Filter>
    </Image>
    <Image Include="whmarb.bmp">
      <Filter>Resource Files</Filter>
    </Image>
    <Image Include="whtmarb1.bmp">
      <Filter>Resource Files</Filter>
    </Image>
  </ItemGroup>
  <ItemGroup>
    <Text Include="build.txt">
      <Filter>Text</Filter>
    </Text>
    <Text Include="ReadMe.txt">
      <Filter>Text</Filter>
    </Text>
  </ItemGroup>
  <ItemGroup>
    <CustomBuild Include="res\wed.rc2">
      <Filter>Resource Files</Filter>
    </CustomBuild>
  </ItemGroup>
</Project>